
Microsoft Visual Studio Solution File, Format Version 12.00
# Visual Studio 15
VisualStudioVersion = 15.0.28010.2050
MinimumVisualStudioVersion = 10.0.40219.1
Project("{FAE04EC0-301F-11D3-BF4B-00C04F79EFBC}") = "ASC_Upgrade", "ASC_Upgrade\ASC_Upgrade.csproj", "{322EBEF9-CFD9-47F7-8B59-5F534582F380}"
EndProject
Global
	GlobalSection(SolutionConfigurationPlatforms) = preSolution
		Debug|Any CPU = Debug|Any CPU
		Release|Any CPU = Release|Any CPU
	EndGlobalSection
	GlobalSection(ProjectConfigurationPlatforms) = postSolution
		{322EBEF9-CFD9-47F7-8B59-5F534582F380}.Debug|Any CPU.ActiveCfg = Debug|Any CPU
		{322EBEF9-CFD9-47F7-8B59-5F534582F380}.Debug|Any CPU.Build.0 = Debug|Any CPU
		{322EBEF9-CFD9-47F7-8B59-5F534582F380}.Release|Any CPU.ActiveCfg = Release|Any CPU
		{322EBEF9-CFD9-47F7-8B59-5F534582F380}.Release|Any CPU.Build.0 = Release|Any CPU
	EndGlobalSection
	GlobalSection(SolutionProperties) = preSolution
		HideSolutionNode = FALSE
	EndGlobalSection
	GlobalSection(ExtensibilityGlobals) = postSolution
		SolutionGuid = {FFEFF5BC-F8AC-4127-8B1F-C744C0BFA547}
	EndGlobalSection
EndGlobal
